
Microsoft Visual Studio Solution File, Format Version 12.00
# Visual Studio Version 16
VisualStudioVersion = 16.0.29318.209
MinimumVisualStudioVersion = 10.0.40219.1
Project("{FAE04EC0-301F-11D3-BF4B-00C04F79EFBC}") = "ComfortDev.DAL", "ComfortDev.DAL\ComfortDev.DAL.csproj", "{EF1FE869-7BB8-40F0-B653-6073E998DC4D}"
EndProject
Project("{FAE04EC0-301F-11D3-BF4B-00C04F79EFBC}") = "ComfortDev.BLL", "ComfortDev.BLL\ComfortDev.BLL.csproj", "{60F519CA-6919-4777-AD1E-8FE905C2BAFB}"
EndProject
Project("{FAE04EC0-301F-11D3-BF4B-00C04F79EFBC}") = "ComfortDev.API", "ComfortDev.API\ComfortDev.API.csproj", "{13CA1383-0F07-4D59-925A-8B5C2E2693AF}"
EndProject
Global
	GlobalSection(SolutionConfigurationPlatforms) = preSolution
		Debug|Any CPU = Debug|Any CPU
		Release|Any CPU = Release|Any CPU
	EndGlobalSection
	GlobalSection(ProjectConfigurationPlatforms) = postSolution
		{EF1FE869-7BB8-40F0-B653-6073E998DC4D}.Debug|Any CPU.ActiveCfg = Debug|Any CPU
		{EF1FE869-7BB8-40F0-B653-6073E998DC4D}.Debug|Any CPU.Build.0 = Debug|Any CPU
		{EF1FE869-7BB8-40F0-B653-6073E998DC4D}.Release|Any CPU.ActiveCfg = Release|Any CPU
		{EF1FE869-7BB8-40F0-B653-6073E998DC4D}.Release|Any CPU.Build.0 = Release|Any CPU
		{60F519CA-6919-4777-AD1E-8FE905C2BAFB}.Debug|Any CPU.ActiveCfg = Debug|Any CPU
		{60F519CA-6919-4777-AD1E-8FE905C2BAFB}.Debug|Any CPU.Build.0 = Debug|Any CPU
		{60F519CA-6919-4777-AD1E-8FE905C2BAFB}.Release|Any CPU.ActiveCfg = Release|Any CPU
		{60F519CA-6919-4777-AD1E-8FE905C2BAFB}.Release|Any CPU.Build.0 = Release|Any CPU
		{13CA1383-0F07-4D59-925A-8B5C2E2693AF}.Debug|Any CPU.ActiveCfg = Debug|Any CPU
		{13CA1383-0F07-4D59-925A-8B5C2E2693AF}.Debug|Any CPU.Build.0 = Debug|Any CPU
		{13CA1383-0F07-4D59-925A-8B5C2E2693AF}.Release|Any CPU.ActiveCfg = Release|Any CPU
		{13CA1383-0F07-4D59-925A-8B5C2E2693AF}.Release|Any CPU.Build.0 = Release|Any CPU
	EndGlobalSection
	GlobalSection(SolutionProperties) = preSolution
		HideSolutionNode = FALSE
	EndGlobalSection
	GlobalSection(ExtensibilityGlobals) = postSolution
		SolutionGuid = {E2F076B9-026C-41A0-9E15-C561EA7A0AE8}
	EndGlobalSection
EndGlobal
