
Microsoft Visual Studio Solution File, Format Version 12.00
# Visual Studio Version 16
VisualStudioVersion = 16.0.29318.209
MinimumVisualStudioVersion = 10.0.40219.1
Project("{FAE04EC0-301F-11D3-BF4B-00C04F79EFBC}") = "TestConsoleApp", "TestConsoleApp\TestConsoleApp.csproj", "{B671D55C-3CB2-4FEA-9B35-73B01B8AD75F}"
EndProject
Global
	GlobalSection(SolutionConfigurationPlatforms) = preSolution
		Debug|Any CPU = Debug|Any CPU
		Release|Any CPU = Release|Any CPU
	EndGlobalSection
	GlobalSection(ProjectConfigurationPlatforms) = postSolution
		{B671D55C-3CB2-4FEA-9B35-73B01B8AD75F}.Debug|Any CPU.ActiveCfg = Debug|Any CPU
		{B671D55C-3CB2-4FEA-9B35-73B01B8AD75F}.Debug|Any CPU.Build.0 = Debug|Any CPU
		{B671D55C-3CB2-4FEA-9B35-73B01B8AD75F}.Release|Any CPU.ActiveCfg = Release|Any CPU
		{B671D55C-3CB2-4FEA-9B35-73B01B8AD75F}.Release|Any CPU.Build.0 = Release|Any CPU
	EndGlobalSection
	GlobalSection(SolutionProperties) = preSolution
		HideSolutionNode = FALSE
	EndGlobalSection
	GlobalSection(ExtensibilityGlobals) = postSolution
		SolutionGuid = {0955D64E-79C8-4D70-AE4F-E814E2289F51}
	EndGlobalSection
EndGlobal
