
Microsoft Visual Studio Solution File, Format Version 12.00
# Visual Studio Version 16
VisualStudioVersion = 16.0.29318.209
MinimumVisualStudioVersion = 10.0.40219.1
Project("{FAE04EC0-301F-11D3-BF4B-00C04F79EFBC}") = "TestApp", "TestApp\TestApp.csproj", "{5165E87E-4CDE-4E66-93CA-5476F6A7415F}"
EndProject
Global
	GlobalSection(SolutionConfigurationPlatforms) = preSolution
		Debug|Any CPU = Debug|Any CPU
		Release|Any CPU = Release|Any CPU
	EndGlobalSection
	GlobalSection(ProjectConfigurationPlatforms) = postSolution
		{5165E87E-4CDE-4E66-93CA-5476F6A7415F}.Debug|Any CPU.ActiveCfg = Debug|Any CPU
		{5165E87E-4CDE-4E66-93CA-5476F6A7415F}.Debug|Any CPU.Build.0 = Debug|Any CPU
		{5165E87E-4CDE-4E66-93CA-5476F6A7415F}.Release|Any CPU.ActiveCfg = Release|Any CPU
		{5165E87E-4CDE-4E66-93CA-5476F6A7415F}.Release|Any CPU.Build.0 = Release|Any CPU
	EndGlobalSection
	GlobalSection(SolutionProperties) = preSolution
		HideSolutionNode = FALSE
	EndGlobalSection
	GlobalSection(ExtensibilityGlobals) = postSolution
		SolutionGuid = {086A308A-7950-4CE7-A427-F62CD045C0E7}
	EndGlobalSection
EndGlobal
