
Microsoft Visual Studio Solution File, Format Version 12.00
# Visual Studio Version 16
VisualStudioVersion = 16.0.29403.142
MinimumVisualStudioVersion = 10.0.40219.1
Project("{FAE04EC0-301F-11D3-BF4B-00C04F79EFBC}") = "ComfortDevClient", "ComfortDevClient\ComfortDevClient.csproj", "{A4F99032-916D-453E-B59B-11DE13120C07}"
EndProject
Project("{9A19103F-16F7-4668-BE54-9A1E7A4F7556}") = "Logic", "Logic\Logic.csproj", "{477E1E47-0CF9-4123-BEA4-F1503256848E}"
EndProject
Global
	GlobalSection(SolutionConfigurationPlatforms) = preSolution
		Debug|Any CPU = Debug|Any CPU
		Release|Any CPU = Release|Any CPU
	EndGlobalSection
	GlobalSection(ProjectConfigurationPlatforms) = postSolution
		{A4F99032-916D-453E-B59B-11DE13120C07}.Debug|Any CPU.ActiveCfg = Debug|Any CPU
		{A4F99032-916D-453E-B59B-11DE13120C07}.Debug|Any CPU.Build.0 = Debug|Any CPU
		{A4F99032-916D-453E-B59B-11DE13120C07}.Release|Any CPU.ActiveCfg = Release|Any CPU
		{A4F99032-916D-453E-B59B-11DE13120C07}.Release|Any CPU.Build.0 = Release|Any CPU
		{477E1E47-0CF9-4123-BEA4-F1503256848E}.Debug|Any CPU.ActiveCfg = Debug|Any CPU
		{477E1E47-0CF9-4123-BEA4-F1503256848E}.Debug|Any CPU.Build.0 = Debug|Any CPU
		{477E1E47-0CF9-4123-BEA4-F1503256848E}.Release|Any CPU.ActiveCfg = Release|Any CPU
		{477E1E47-0CF9-4123-BEA4-F1503256848E}.Release|Any CPU.Build.0 = Release|Any CPU
	EndGlobalSection
	GlobalSection(SolutionProperties) = preSolution
		HideSolutionNode = FALSE
	EndGlobalSection
	GlobalSection(ExtensibilityGlobals) = postSolution
		SolutionGuid = {C0D5EC52-B31E-4050-8951-6AB597886AC7}
	EndGlobalSection
EndGlobal
